PODS:
  - Flutter (1.0.0)
  - FlutterPluginRegistrant (0.0.1):
    - Flutter
    - fluttertoast
    - fulive_plugin
  - fluttertoast (0.0.2):
    - Flutter
    - Toast
  - fulive_plugin (0.0.1):
    - Flutter
    - FURenderKit
    - MJExtension (= 3.0.15.1)
    - SVProgressHUD
  - FURenderKit (8.5.0)
  - MJExtension (3.0.15.1)
  - SVProgressHUD (2.2.5)
  - Toast (4.0.0)

DEPENDENCIES:
  - Flutter (from `Flutter`)
  - FlutterPluginRegistrant (from `Runner/`)
  - fluttertoast (from `.symlinks/plugins/fluttertoast/ios`)
  - fulive_plugin (from `.symlinks/plugins/fulive_plugin/ios`)

SPEC REPOS:
  trunk:
    - FURenderKit
    - MJExtension
    - SVProgressHUD
    - Toast

EXTERNAL SOURCES:
  Flutter:
    :path: Flutter
  FlutterPluginRegistrant:
    :path: Runner/
  fluttertoast:
    :path: ".symlinks/plugins/fluttertoast/ios"
  fulive_plugin:
    :path: ".symlinks/plugins/fulive_plugin/ios"

SPEC CHECKSUMS:
  Flutter: f04841e97a9d0b0a8025694d0796dd46242b2854
  FlutterPluginRegistrant: 82cec27e3b588cdd23de11bd2521d35fa8775c3a
  fluttertoast: eb263d302cc92e04176c053d2385237e9f43fad0
  fulive_plugin: a6e9c78f30c2aad84eb8291a2ca191c8595f43e1
  FURenderKit: e93040f1d0a0c5297b8e3fdd41874748f9b87e4b
  MJExtension: 19bc33ce2eee2d319760f5622562cf581a6ff756
  SVProgressHUD: 1428aafac632c1f86f62aa4243ec12008d7a51d6
  Toast: 91b396c56ee72a5790816f40d3a94dd357abc196

PODFILE CHECKSUM: 6402c0fec67c6c37f95791db1d14c6f8aafc30fc

COCOAPODS: 1.11.2
